Microsoft Visual Studio Solution File, Format Version 12.00
# Visual Studio 15
VisualStudioVersion = 15.0.28307.489
MinimumVisualStudioVersion = 10.0.40219.1
Project("{FAE04EC0-301F-11D3-BF4B-00C04F79EFBC}") = "ForplanVisualization", "ForplanVisualization.csproj", "{8396CC05-1D30-4C8E-B29B-BF8FFE36EF7D}"
EndProject
Global
	GlobalSection(SolutionConfigurationPlatforms) = preSolution
		Debug|Any CPU = Debug|Any CPU
		Debug|Mixed Platforms = Debug|Mixed Platforms
		Debug|x86 = Debug|x86
		Release|Any CPU = Release|Any CPU
		Release|Mixed Platforms = Release|Mixed Platforms
		Release|x86 = Release|x86
	EndGlobalSection
	GlobalSection(ProjectConfigurationPlatforms) = postSolution
		{8396CC05-1D30-4C8E-B29B-BF8FFE36EF7D}.Debug|Any CPU.ActiveCfg = Debug|x86
		{8396CC05-1D30-4C8E-B29B-BF8FFE36EF7D}.Debug|Mixed Platforms.ActiveCfg = Debug|x86
		{8396CC05-1D30-4C8E-B29B-BF8FFE36EF7D}.Debug|Mixed Platforms.Build.0 = Debug|x86
		{8396CC05-1D30-4C8E-B29B-BF8FFE36EF7D}.Debug|x86.ActiveCfg = Debug|x86
		{8396CC05-1D30-4C8E-B29B-BF8FFE36EF7D}.Debug|x86.Build.0 = Debug|x86
		{8396CC05-1D30-4C8E-B29B-BF8FFE36EF7D}.Release|Any CPU.ActiveCfg = Release|x86
		{8396CC05-1D30-4C8E-B29B-BF8FFE36EF7D}.Release|Mixed Platforms.ActiveCfg = Release|x86
		{8396CC05-1D30-4C8E-B29B-BF8FFE36EF7D}.Release|Mixed Platforms.Build.0 = Release|x86
		{8396CC05-1D30-4C8E-B29B-BF8FFE36EF7D}.Release|x86.ActiveCfg = Release|x86
		{8396CC05-1D30-4C8E-B29B-BF8FFE36EF7D}.Release|x86.Build.0 = Release|x86
	EndGlobalSection
	GlobalSection(SolutionProperties) = preSolution
		HideSolutionNode = FALSE
	EndGlobalSection
	GlobalSection(ExtensibilityGlobals) = postSolution
		SolutionGuid = {4C7325A9-D780-496B-9D41-6A7F8DE880E0}
	EndGlobalSection
EndGlobal
